
Microsoft Visual Studio Solution File, Format Version 12.00
# Visual Studio 2012
Project("{FAE04EC0-301F-11D3-BF4B-00C04F79EFBC}") = "WebRole", "services\WebRole\WebRole.csproj", "{90C50186-543C-441B-9CCA-176F5B2A8A72}"
EndProject
Project("{FAE04EC0-301F-11D3-BF4B-00C04F79EFBC}") = "WebRole.Tests", "tests\WebRole.Tests\WebRole.Tests.csproj", "{DE2E73E3-4D2F-4367-A919-ED5490ADA66C}"
EndProject
Project("{CC5FD16D-436D-48AD-A40C-5A424C6E3E79}") = "Azure", "services\Azure\Azure.ccproj", "{E99D413B-E465-4AB6-A451-4811A86F2229}"
EndProject
Project("{FAE04EC0-301F-11D3-BF4B-00C04F79EFBC}") = "ServiceHost", "services\ServiceHost\ServiceHost.csproj", "{6F88F47F-3542-442F-95DA-60BE368053E1}"
EndProject
Project("{FAE04EC0-301F-11D3-BF4B-00C04F79EFBC}") = "WorkerRole", "services\WorkerRole\WorkerRole.csproj", "{FAEC99AA-9717-4CF6-9B4F-56BB9C18F65F}"
EndProject
Project("{FAE04EC0-301F-11D3-BF4B-00C04F79EFBC}") = "ServiceEntities", "services\ServiceEntities\ServiceEntities.csproj", "{4949BFDF-C2D0-45C7-8C87-5C0F31BD1EEA}"
EndProject
Project("{2150E333-8FDC-42A3-9474-1A3956D46DE8}") = "services", "services", "{47EF8CD5-258E-497D-9B25-7C28AC2EB3F8}"
EndProject
Project("{2150E333-8FDC-42A3-9474-1A3956D46DE8}") = "clients", "clients", "{7339DBEF-D408-49DE-BFDB-55A915642E45}"
EndProject
Project("{2150E333-8FDC-42A3-9474-1A3956D46DE8}") = "tests", "tests", "{B66CC8D6-C5ED-4D4A-AF77-B347264D0BEE}"
EndProject
Project("{2150E333-8FDC-42A3-9474-1A3956D46DE8}") = "windows", "windows", "{7C36325F-F9D4-4EF0-8472-728FDB5FF145}"
EndProject
Project("{FAE04EC0-301F-11D3-BF4B-00C04F79EFBC}") = "Tests.Shared", "tests\Tests.Shared\Tests.Shared.csproj", "{EA5B3B6D-9CE8-480E-AA93-D496E7AE5C63}"
EndProject
Project("{FAE04EC0-301F-11D3-BF4B-00C04F79EFBC}") = "ServiceEntities.Tests", "tests\ServiceEntities.Tests\ServiceEntities.Tests.csproj", "{1F005512-8F7B-4AED-B38F-388F0EA5AE54}"
EndProject
Project("{FAE04EC0-301F-11D3-BF4B-00C04F79EFBC}") = "CaptureService", "clients\windows\CaptureService\CaptureService.csproj", "{EAB4E383-B00D-4ED9-83BD-52F0C2EC9FF2}"
EndProject
Project("{FAE04EC0-301F-11D3-BF4B-00C04F79EFBC}") = "Processor", "services\Processor\Processor.csproj", "{918559BD-5449-4AC9-9035-4F07B8976898}"
EndProject
Project("{FAE04EC0-301F-11D3-BF4B-00C04F79EFBC}") = "ProcessorWorker", "services\ProcessorWorker\ProcessorWorker.csproj", "{C0869811-376A-47A9-86B5-385901B12905}"
EndProject
Project("{FAE04EC0-301F-11D3-BF4B-00C04F79EFBC}") = "CollectorWorker.Tests", "tests\ProcessorWorker.Tests\CollectorWorker.Tests.csproj", "{BC98039C-E440-4789-9A92-FCCABBAB65F1}"
EndProject
Project("{930C7802-8A8C-48F9-8165-68863BCCD9DD}") = "WebTimerSetup", "clients\windows\WebTimerSetup\WebTimerSetup.wixproj", "{60BC2E6C-08C3-4838-AACC-720CE3D29171}"
EndProject
Project("{FAE04EC0-301F-11D3-BF4B-00C04F79EFBC}") = "ConfigEditor", "clients\windows\ConfigEditor\ConfigEditor.csproj", "{3DC7BC63-DFEA-438C-B03E-C41A61616834}"
EndProject
Project("{FAE04EC0-301F-11D3-BF4B-00C04F79EFBC}") = "Client", "clients\windows\Client\Client.csproj", "{21C885F0-B610-4028-8522-255FCBADB98D}"
EndProject
Project("{930C7802-8A8C-48F9-8165-68863BCCD9DD}") = "Setup", "clients\windows\Setup\Setup.wixproj", "{39F23985-023C-472E-A1D1-9D5908C14358}"
EndProject
Project("{FAE04EC0-301F-11D3-BF4B-00C04F79EFBC}") = "ConsoleDriver", "clients\windows\ConsoleDriver\ConsoleDriver.csproj", "{50AE9553-46BC-41B7-9340-7FBFC5B86379}"
EndProject
Project("{FAE04EC0-301F-11D3-BF4B-00C04F79EFBC}") = "UpdateService", "clients\windows\UpdateService\UpdateService.csproj", "{9D93E2CA-396B-40BD-A736-A28A772DA712}"
EndProject
Global
	GlobalSection(SolutionConfigurationPlatforms) = preSolution
		Debug|Any CPU = Debug|Any CPU
		Debug|Mixed Platforms = Debug|Mixed Platforms
		Debug|x86 = Debug|x86
		Release|Any CPU = Release|Any CPU
		Release|Mixed Platforms = Release|Mixed Platforms
		Release|x86 = Release|x86
	EndGlobalSection
	GlobalSection(ProjectConfigurationPlatforms) = postSolution
		{90C50186-543C-441B-9CCA-176F5B2A8A72}.Debug|Any CPU.ActiveCfg = Debug|Any CPU
		{90C50186-543C-441B-9CCA-176F5B2A8A72}.Debug|Any CPU.Build.0 = Debug|Any CPU
		{90C50186-543C-441B-9CCA-176F5B2A8A72}.Debug|Mixed Platforms.ActiveCfg = Debug|Any CPU
		{90C50186-543C-441B-9CCA-176F5B2A8A72}.Debug|Mixed Platforms.Build.0 = Debug|Any CPU
		{90C50186-543C-441B-9CCA-176F5B2A8A72}.Debug|x86.ActiveCfg = Debug|Any CPU
		{90C50186-543C-441B-9CCA-176F5B2A8A72}.Release|Any CPU.ActiveCfg = Release|Any CPU
		{90C50186-543C-441B-9CCA-176F5B2A8A72}.Release|Any CPU.Build.0 = Release|Any CPU
		{90C50186-543C-441B-9CCA-176F5B2A8A72}.Release|Mixed Platforms.ActiveCfg = Release|Any CPU
		{90C50186-543C-441B-9CCA-176F5B2A8A72}.Release|Mixed Platforms.Build.0 = Release|Any CPU
		{90C50186-543C-441B-9CCA-176F5B2A8A72}.Release|x86.ActiveCfg = Release|Any CPU
		{DE2E73E3-4D2F-4367-A919-ED5490ADA66C}.Debug|Any CPU.ActiveCfg = Debug|Any CPU
		{DE2E73E3-4D2F-4367-A919-ED5490ADA66C}.Debug|Any CPU.Build.0 = Debug|Any CPU
		{DE2E73E3-4D2F-4367-A919-ED5490ADA66C}.Debug|Mixed Platforms.ActiveCfg = Debug|Any CPU
		{DE2E73E3-4D2F-4367-A919-ED5490ADA66C}.Debug|Mixed Platforms.Build.0 = Debug|Any CPU
		{DE2E73E3-4D2F-4367-A919-ED5490ADA66C}.Debug|x86.ActiveCfg = Debug|Any CPU
		{DE2E73E3-4D2F-4367-A919-ED5490ADA66C}.Release|Any CPU.ActiveCfg = Release|Any CPU
		{DE2E73E3-4D2F-4367-A919-ED5490ADA66C}.Release|Any CPU.Build.0 = Release|Any CPU
		{DE2E73E3-4D2F-4367-A919-ED5490ADA66C}.Release|Mixed Platforms.ActiveCfg = Release|Any CPU
		{DE2E73E3-4D2F-4367-A919-ED5490ADA66C}.Release|Mixed Platforms.Build.0 = Release|Any CPU
		{DE2E73E3-4D2F-4367-A919-ED5490ADA66C}.Release|x86.ActiveCfg = Release|Any CPU
		{E99D413B-E465-4AB6-A451-4811A86F2229}.Debug|Any CPU.ActiveCfg = Debug|Any CPU
		{E99D413B-E465-4AB6-A451-4811A86F2229}.Debug|Any CPU.Build.0 = Debug|Any CPU
		{E99D413B-E465-4AB6-A451-4811A86F2229}.Debug|Mixed Platforms.ActiveCfg = Debug|Any CPU
		{E99D413B-E465-4AB6-A451-4811A86F2229}.Debug|Mixed Platforms.Build.0 = Debug|Any CPU
		{E99D413B-E465-4AB6-A451-4811A86F2229}.Debug|x86.ActiveCfg = Debug|Any CPU
		{E99D413B-E465-4AB6-A451-4811A86F2229}.Release|Any CPU.ActiveCfg = Release|Any CPU
		{E99D413B-E465-4AB6-A451-4811A86F2229}.Release|Any CPU.Build.0 = Release|Any CPU
		{E99D413B-E465-4AB6-A451-4811A86F2229}.Release|Mixed Platforms.ActiveCfg = Release|Any CPU
		{E99D413B-E465-4AB6-A451-4811A86F2229}.Release|Mixed Platforms.Build.0 = Release|Any CPU
		{E99D413B-E465-4AB6-A451-4811A86F2229}.Release|x86.ActiveCfg = Release|Any CPU
		{6F88F47F-3542-442F-95DA-60BE368053E1}.Debug|Any CPU.ActiveCfg = Debug|Any CPU
		{6F88F47F-3542-442F-95DA-60BE368053E1}.Debug|Any CPU.Build.0 = Debug|Any CPU
		{6F88F47F-3542-442F-95DA-60BE368053E1}.Debug|Mixed Platforms.ActiveCfg = Debug|Any CPU
		{6F88F47F-3542-442F-95DA-60BE368053E1}.Debug|Mixed Platforms.Build.0 = Debug|Any CPU
		{6F88F47F-3542-442F-95DA-60BE368053E1}.Debug|x86.ActiveCfg = Debug|Any CPU
		{6F88F47F-3542-442F-95DA-60BE368053E1}.Release|Any CPU.ActiveCfg = Release|Any CPU
		{6F88F47F-3542-442F-95DA-60BE368053E1}.Release|Any CPU.Build.0 = Release|Any CPU
		{6F88F47F-3542-442F-95DA-60BE368053E1}.Release|Mixed Platforms.ActiveCfg = Release|Any CPU
		{6F88F47F-3542-442F-95DA-60BE368053E1}.Release|Mixed Platforms.Build.0 = Release|Any CPU
		{6F88F47F-3542-442F-95DA-60BE368053E1}.Release|x86.ActiveCfg = Release|Any CPU
		{FAEC99AA-9717-4CF6-9B4F-56BB9C18F65F}.Debug|Any CPU.ActiveCfg = Debug|Any CPU
		{FAEC99AA-9717-4CF6-9B4F-56BB9C18F65F}.Debug|Any CPU.Build.0 = Debug|Any CPU
		{FAEC99AA-9717-4CF6-9B4F-56BB9C18F65F}.Debug|Mixed Platforms.ActiveCfg = Debug|Any CPU
		{FAEC99AA-9717-4CF6-9B4F-56BB9C18F65F}.Debug|Mixed Platforms.Build.0 = Debug|Any CPU
		{FAEC99AA-9717-4CF6-9B4F-56BB9C18F65F}.Debug|x86.ActiveCfg = Debug|Any CPU
		{FAEC99AA-9717-4CF6-9B4F-56BB9C18F65F}.Release|Any CPU.ActiveCfg = Release|Any CPU
		{FAEC99AA-9717-4CF6-9B4F-56BB9C18F65F}.Release|Any CPU.Build.0 = Release|Any CPU
		{FAEC99AA-9717-4CF6-9B4F-56BB9C18F65F}.Release|Mixed Platforms.ActiveCfg = Release|Any CPU
		{FAEC99AA-9717-4CF6-9B4F-56BB9C18F65F}.Release|Mixed Platforms.Build.0 = Release|Any CPU
		{FAEC99AA-9717-4CF6-9B4F-56BB9C18F65F}.Release|x86.ActiveCfg = Release|Any CPU
		{4949BFDF-C2D0-45C7-8C87-5C0F31BD1EEA}.Debug|Any CPU.ActiveCfg = Debug|Any CPU
		{4949BFDF-C2D0-45C7-8C87-5C0F31BD1EEA}.Debug|Any CPU.Build.0 = Debug|Any CPU
		{4949BFDF-C2D0-45C7-8C87-5C0F31BD1EEA}.Debug|Mixed Platforms.ActiveCfg = Debug|Any CPU
		{4949BFDF-C2D0-45C7-8C87-5C0F31BD1EEA}.Debug|Mixed Platforms.Build.0 = Debug|Any CPU
		{4949BFDF-C2D0-45C7-8C87-5C0F31BD1EEA}.Debug|x86.ActiveCfg = Debug|Any CPU
		{4949BFDF-C2D0-45C7-8C87-5C0F31BD1EEA}.Release|Any CPU.ActiveCfg = Release|Any CPU
		{4949BFDF-C2D0-45C7-8C87-5C0F31BD1EEA}.Release|Any CPU.Build.0 = Release|Any CPU
		{4949BFDF-C2D0-45C7-8C87-5C0F31BD1EEA}.Release|Mixed Platforms.ActiveCfg = Release|Any CPU
		{4949BFDF-C2D0-45C7-8C87-5C0F31BD1EEA}.Release|Mixed Platforms.Build.0 = Release|Any CPU
		{4949BFDF-C2D0-45C7-8C87-5C0F31BD1EEA}.Release|x86.ActiveCfg = Release|Any CPU
		{EA5B3B6D-9CE8-480E-AA93-D496E7AE5C63}.Debug|Any CPU.ActiveCfg = Debug|Any CPU
		{EA5B3B6D-9CE8-480E-AA93-D496E7AE5C63}.Debug|Any CPU.Build.0 = Debug|Any CPU
		{EA5B3B6D-9CE8-480E-AA93-D496E7AE5C63}.Debug|Mixed Platforms.ActiveCfg = Debug|Any CPU
		{EA5B3B6D-9CE8-480E-AA93-D496E7AE5C63}.Debug|Mixed Platforms.Build.0 = Debug|Any CPU
		{EA5B3B6D-9CE8-480E-AA93-D496E7AE5C63}.Debug|x86.ActiveCfg = Debug|Any CPU
		{EA5B3B6D-9CE8-480E-AA93-D496E7AE5C63}.Release|Any CPU.ActiveCfg = Release|Any CPU
		{EA5B3B6D-9CE8-480E-AA93-D496E7AE5C63}.Release|Any CPU.Build.0 = Release|Any CPU
		{EA5B3B6D-9CE8-480E-AA93-D496E7AE5C63}.Release|Mixed Platforms.ActiveCfg = Release|Any CPU
		{EA5B3B6D-9CE8-480E-AA93-D496E7AE5C63}.Release|Mixed Platforms.Build.0 = Release|Any CPU
		{EA5B3B6D-9CE8-480E-AA93-D496E7AE5C63}.Release|x86.ActiveCfg = Release|Any CPU
		{1F005512-8F7B-4AED-B38F-388F0EA5AE54}.Debug|Any CPU.ActiveCfg = Debug|Any CPU
		{1F005512-8F7B-4AED-B38F-388F0EA5AE54}.Debug|Any CPU.Build.0 = Debug|Any CPU
		{1F005512-8F7B-4AED-B38F-388F0EA5AE54}.Debug|Mixed Platforms.ActiveCfg = Debug|Any CPU
		{1F005512-8F7B-4AED-B38F-388F0EA5AE54}.Debug|Mixed Platforms.Build.0 = Debug|Any CPU
		{1F005512-8F7B-4AED-B38F-388F0EA5AE54}.Debug|x86.ActiveCfg = Debug|Any CPU
		{1F005512-8F7B-4AED-B38F-388F0EA5AE54}.Release|Any CPU.ActiveCfg = Release|Any CPU
		{1F005512-8F7B-4AED-B38F-388F0EA5AE54}.Release|Any CPU.Build.0 = Release|Any CPU
		{1F005512-8F7B-4AED-B38F-388F0EA5AE54}.Release|Mixed Platforms.ActiveCfg = Release|Any CPU
		{1F005512-8F7B-4AED-B38F-388F0EA5AE54}.Release|Mixed Platforms.Build.0 = Release|Any CPU
		{1F005512-8F7B-4AED-B38F-388F0EA5AE54}.Release|x86.ActiveCfg = Release|Any CPU
		{EAB4E383-B00D-4ED9-83BD-52F0C2EC9FF2}.Debug|Any CPU.ActiveCfg = Debug|Any CPU
		{EAB4E383-B00D-4ED9-83BD-52F0C2EC9FF2}.Debug|Any CPU.Build.0 = Debug|Any CPU
		{EAB4E383-B00D-4ED9-83BD-52F0C2EC9FF2}.Debug|Mixed Platforms.ActiveCfg = Debug|Any CPU
		{EAB4E383-B00D-4ED9-83BD-52F0C2EC9FF2}.Debug|Mixed Platforms.Build.0 = Debug|Any CPU
		{EAB4E383-B00D-4ED9-83BD-52F0C2EC9FF2}.Debug|x86.ActiveCfg = Debug|Any CPU
		{EAB4E383-B00D-4ED9-83BD-52F0C2EC9FF2}.Release|Any CPU.ActiveCfg = Release|Any CPU
		{EAB4E383-B00D-4ED9-83BD-52F0C2EC9FF2}.Release|Any CPU.Build.0 = Release|Any CPU
		{EAB4E383-B00D-4ED9-83BD-52F0C2EC9FF2}.Release|Mixed Platforms.ActiveCfg = Release|Any CPU
		{EAB4E383-B00D-4ED9-83BD-52F0C2EC9FF2}.Release|Mixed Platforms.Build.0 = Release|Any CPU
		{EAB4E383-B00D-4ED9-83BD-52F0C2EC9FF2}.Release|x86.ActiveCfg = Release|Any CPU
		{918559BD-5449-4AC9-9035-4F07B8976898}.Debug|Any CPU.ActiveCfg = Debug|Any CPU
		{918559BD-5449-4AC9-9035-4F07B8976898}.Debug|Any CPU.Build.0 = Debug|Any CPU
		{918559BD-5449-4AC9-9035-4F07B8976898}.Debug|Mixed Platforms.ActiveCfg = Debug|Any CPU
		{918559BD-5449-4AC9-9035-4F07B8976898}.Debug|Mixed Platforms.Build.0 = Debug|Any CPU
		{918559BD-5449-4AC9-9035-4F07B8976898}.Debug|x86.ActiveCfg = Debug|Any CPU
		{918559BD-5449-4AC9-9035-4F07B8976898}.Release|Any CPU.ActiveCfg = Release|Any CPU
		{918559BD-5449-4AC9-9035-4F07B8976898}.Release|Any CPU.Build.0 = Release|Any CPU
		{918559BD-5449-4AC9-9035-4F07B8976898}.Release|Mixed Platforms.ActiveCfg = Release|Any CPU
		{918559BD-5449-4AC9-9035-4F07B8976898}.Release|Mixed Platforms.Build.0 = Release|Any CPU
		{918559BD-5449-4AC9-9035-4F07B8976898}.Release|x86.ActiveCfg = Release|Any CPU
		{C0869811-376A-47A9-86B5-385901B12905}.Debug|Any CPU.ActiveCfg = Debug|Any CPU
		{C0869811-376A-47A9-86B5-385901B12905}.Debug|Any CPU.Build.0 = Debug|Any CPU
		{C0869811-376A-47A9-86B5-385901B12905}.Debug|Mixed Platforms.ActiveCfg = Debug|Any CPU
		{C0869811-376A-47A9-86B5-385901B12905}.Debug|Mixed Platforms.Build.0 = Debug|Any CPU
		{C0869811-376A-47A9-86B5-385901B12905}.Debug|x86.ActiveCfg = Debug|Any CPU
		{C0869811-376A-47A9-86B5-385901B12905}.Release|Any CPU.ActiveCfg = Release|Any CPU
		{C0869811-376A-47A9-86B5-385901B12905}.Release|Any CPU.Build.0 = Release|Any CPU
		{C0869811-376A-47A9-86B5-385901B12905}.Release|Mixed Platforms.ActiveCfg = Release|Any CPU
		{C0869811-376A-47A9-86B5-385901B12905}.Release|Mixed Platforms.Build.0 = Release|Any CPU
		{C0869811-376A-47A9-86B5-385901B12905}.Release|x86.ActiveCfg = Release|Any CPU
		{BC98039C-E440-4789-9A92-FCCABBAB65F1}.Debug|Any CPU.ActiveCfg = Debug|Any CPU
		{BC98039C-E440-4789-9A92-FCCABBAB65F1}.Debug|Any CPU.Build.0 = Debug|Any CPU
		{BC98039C-E440-4789-9A92-FCCABBAB65F1}.Debug|Mixed Platforms.ActiveCfg = Debug|Any CPU
		{BC98039C-E440-4789-9A92-FCCABBAB65F1}.Debug|Mixed Platforms.Build.0 = Debug|Any CPU
		{BC98039C-E440-4789-9A92-FCCABBAB65F1}.Debug|x86.ActiveCfg = Debug|Any CPU
		{BC98039C-E440-4789-9A92-FCCABBAB65F1}.Release|Any CPU.ActiveCfg = Release|Any CPU
		{BC98039C-E440-4789-9A92-FCCABBAB65F1}.Release|Any CPU.Build.0 = Release|Any CPU
		{BC98039C-E440-4789-9A92-FCCABBAB65F1}.Release|Mixed Platforms.ActiveCfg = Release|Any CPU
		{BC98039C-E440-4789-9A92-FCCABBAB65F1}.Release|Mixed Platforms.Build.0 = Release|Any CPU
		{BC98039C-E440-4789-9A92-FCCABBAB65F1}.Release|x86.ActiveCfg = Release|Any CPU
		{60BC2E6C-08C3-4838-AACC-720CE3D29171}.Debug|Any CPU.ActiveCfg = Debug|x86
		{60BC2E6C-08C3-4838-AACC-720CE3D29171}.Debug|Any CPU.Build.0 = Debug|x86
		{60BC2E6C-08C3-4838-AACC-720CE3D29171}.Debug|Mixed Platforms.ActiveCfg = Debug|x86
		{60BC2E6C-08C3-4838-AACC-720CE3D29171}.Debug|Mixed Platforms.Build.0 = Debug|x86
		{60BC2E6C-08C3-4838-AACC-720CE3D29171}.Debug|x86.ActiveCfg = Debug|x86
		{60BC2E6C-08C3-4838-AACC-720CE3D29171}.Debug|x86.Build.0 = Debug|x86
		{60BC2E6C-08C3-4838-AACC-720CE3D29171}.Release|Any CPU.ActiveCfg = Release|x86
		{60BC2E6C-08C3-4838-AACC-720CE3D29171}.Release|Any CPU.Build.0 = Release|x86
		{60BC2E6C-08C3-4838-AACC-720CE3D29171}.Release|Mixed Platforms.ActiveCfg = Release|x86
		{60BC2E6C-08C3-4838-AACC-720CE3D29171}.Release|Mixed Platforms.Build.0 = Release|x86
		{60BC2E6C-08C3-4838-AACC-720CE3D29171}.Release|x86.ActiveCfg = Release|x86
		{60BC2E6C-08C3-4838-AACC-720CE3D29171}.Release|x86.Build.0 = Release|x86
		{3DC7BC63-DFEA-438C-B03E-C41A61616834}.Debug|Any CPU.ActiveCfg = Debug|Any CPU
		{3DC7BC63-DFEA-438C-B03E-C41A61616834}.Debug|Any CPU.Build.0 = Debug|Any CPU
		{3DC7BC63-DFEA-438C-B03E-C41A61616834}.Debug|Mixed Platforms.ActiveCfg = Debug|Any CPU
		{3DC7BC63-DFEA-438C-B03E-C41A61616834}.Debug|Mixed Platforms.Build.0 = Debug|Any CPU
		{3DC7BC63-DFEA-438C-B03E-C41A61616834}.Debug|x86.ActiveCfg = Debug|Any CPU
		{3DC7BC63-DFEA-438C-B03E-C41A61616834}.Release|Any CPU.ActiveCfg = Release|Any CPU
		{3DC7BC63-DFEA-438C-B03E-C41A61616834}.Release|Any CPU.Build.0 = Release|Any CPU
		{3DC7BC63-DFEA-438C-B03E-C41A61616834}.Release|Mixed Platforms.ActiveCfg = Release|Any CPU
		{3DC7BC63-DFEA-438C-B03E-C41A61616834}.Release|Mixed Platforms.Build.0 = Release|Any CPU
		{3DC7BC63-DFEA-438C-B03E-C41A61616834}.Release|x86.ActiveCfg = Release|Any CPU
		{21C885F0-B610-4028-8522-255FCBADB98D}.Debug|Any CPU.ActiveCfg = Debug|Any CPU
		{21C885F0-B610-4028-8522-255FCBADB98D}.Debug|Any CPU.Build.0 = Debug|Any CPU
		{21C885F0-B610-4028-8522-255FCBADB98D}.Debug|Mixed Platforms.ActiveCfg = Debug|Any CPU
		{21C885F0-B610-4028-8522-255FCBADB98D}.Debug|Mixed Platforms.Build.0 = Debug|Any CPU
		{21C885F0-B610-4028-8522-255FCBADB98D}.Debug|x86.ActiveCfg = Debug|Any CPU
		{21C885F0-B610-4028-8522-255FCBADB98D}.Release|Any CPU.ActiveCfg = Release|Any CPU
		{21C885F0-B610-4028-8522-255FCBADB98D}.Release|Any CPU.Build.0 = Release|Any CPU
		{21C885F0-B610-4028-8522-255FCBADB98D}.Release|Mixed Platforms.ActiveCfg = Release|Any CPU
		{21C885F0-B610-4028-8522-255FCBADB98D}.Release|Mixed Platforms.Build.0 = Release|Any CPU
		{21C885F0-B610-4028-8522-255FCBADB98D}.Release|x86.ActiveCfg = Release|Any CPU
		{39F23985-023C-472E-A1D1-9D5908C14358}.Debug|Any CPU.ActiveCfg = Debug|x86
		{39F23985-023C-472E-A1D1-9D5908C14358}.Debug|Any CPU.Build.0 = Debug|x86
		{39F23985-023C-472E-A1D1-9D5908C14358}.Debug|Mixed Platforms.ActiveCfg = Debug|x86
		{39F23985-023C-472E-A1D1-9D5908C14358}.Debug|Mixed Platforms.Build.0 = Debug|x86
		{39F23985-023C-472E-A1D1-9D5908C14358}.Debug|x86.ActiveCfg = Debug|x86
		{39F23985-023C-472E-A1D1-9D5908C14358}.Debug|x86.Build.0 = Debug|x86
		{39F23985-023C-472E-A1D1-9D5908C14358}.Release|Any CPU.ActiveCfg = Release|x86
		{39F23985-023C-472E-A1D1-9D5908C14358}.Release|Any CPU.Build.0 = Release|x86
		{39F23985-023C-472E-A1D1-9D5908C14358}.Release|Mixed Platforms.ActiveCfg = Release|x86
		{39F23985-023C-472E-A1D1-9D5908C14358}.Release|Mixed Platforms.Build.0 = Release|x86
		{39F23985-023C-472E-A1D1-9D5908C14358}.Release|x86.ActiveCfg = Release|x86
		{39F23985-023C-472E-A1D1-9D5908C14358}.Release|x86.Build.0 = Release|x86
		{50AE9553-46BC-41B7-9340-7FBFC5B86379}.Debug|Any CPU.ActiveCfg = Debug|Any CPU
		{50AE9553-46BC-41B7-9340-7FBFC5B86379}.Debug|Any CPU.Build.0 = Debug|Any CPU
		{50AE9553-46BC-41B7-9340-7FBFC5B86379}.Debug|Mixed Platforms.ActiveCfg = Debug|Any CPU
		{50AE9553-46BC-41B7-9340-7FBFC5B86379}.Debug|Mixed Platforms.Build.0 = Debug|Any CPU
		{50AE9553-46BC-41B7-9340-7FBFC5B86379}.Debug|x86.ActiveCfg = Debug|Any CPU
		{50AE9553-46BC-41B7-9340-7FBFC5B86379}.Release|Any CPU.ActiveCfg = Release|Any CPU
		{50AE9553-46BC-41B7-9340-7FBFC5B86379}.Release|Any CPU.Build.0 = Release|Any CPU
		{50AE9553-46BC-41B7-9340-7FBFC5B86379}.Release|Mixed Platforms.ActiveCfg = Release|Any CPU
		{50AE9553-46BC-41B7-9340-7FBFC5B86379}.Release|Mixed Platforms.Build.0 = Release|Any CPU
		{50AE9553-46BC-41B7-9340-7FBFC5B86379}.Release|x86.ActiveCfg = Release|Any CPU
		{9D93E2CA-396B-40BD-A736-A28A772DA712}.Debug|Any CPU.ActiveCfg = Debug|Any CPU
		{9D93E2CA-396B-40BD-A736-A28A772DA712}.Debug|Any CPU.Build.0 = Debug|Any CPU
		{9D93E2CA-396B-40BD-A736-A28A772DA712}.Debug|Mixed Platforms.ActiveCfg = Debug|Any CPU
		{9D93E2CA-396B-40BD-A736-A28A772DA712}.Debug|Mixed Platforms.Build.0 = Debug|Any CPU
		{9D93E2CA-396B-40BD-A736-A28A772DA712}.Debug|x86.ActiveCfg = Debug|Any CPU
		{9D93E2CA-396B-40BD-A736-A28A772DA712}.Release|Any CPU.ActiveCfg = Release|Any CPU
		{9D93E2CA-396B-40BD-A736-A28A772DA712}.Release|Any CPU.Build.0 = Release|Any CPU
		{9D93E2CA-396B-40BD-A736-A28A772DA712}.Release|Mixed Platforms.ActiveCfg = Release|Any CPU
		{9D93E2CA-396B-40BD-A736-A28A772DA712}.Release|Mixed Platforms.Build.0 = Release|Any CPU
		{9D93E2CA-396B-40BD-A736-A28A772DA712}.Release|x86.ActiveCfg = Release|Any CPU
	EndGlobalSection
	GlobalSection(SolutionProperties) = preSolution
		HideSolutionNode = FALSE
	EndGlobalSection
	GlobalSection(NestedProjects) = preSolution
		{E99D413B-E465-4AB6-A451-4811A86F2229} = {47EF8CD5-258E-497D-9B25-7C28AC2EB3F8}
		{6F88F47F-3542-442F-95DA-60BE368053E1} = {47EF8CD5-258E-497D-9B25-7C28AC2EB3F8}
		{FAEC99AA-9717-4CF6-9B4F-56BB9C18F65F} = {47EF8CD5-258E-497D-9B25-7C28AC2EB3F8}
		{4949BFDF-C2D0-45C7-8C87-5C0F31BD1EEA} = {47EF8CD5-258E-497D-9B25-7C28AC2EB3F8}
		{90C50186-543C-441B-9CCA-176F5B2A8A72} = {47EF8CD5-258E-497D-9B25-7C28AC2EB3F8}
		{918559BD-5449-4AC9-9035-4F07B8976898} = {47EF8CD5-258E-497D-9B25-7C28AC2EB3F8}
		{C0869811-376A-47A9-86B5-385901B12905} = {47EF8CD5-258E-497D-9B25-7C28AC2EB3F8}
		{DE2E73E3-4D2F-4367-A919-ED5490ADA66C} = {B66CC8D6-C5ED-4D4A-AF77-B347264D0BEE}
		{EA5B3B6D-9CE8-480E-AA93-D496E7AE5C63} = {B66CC8D6-C5ED-4D4A-AF77-B347264D0BEE}
		{1F005512-8F7B-4AED-B38F-388F0EA5AE54} = {B66CC8D6-C5ED-4D4A-AF77-B347264D0BEE}
		{BC98039C-E440-4789-9A92-FCCABBAB65F1} = {B66CC8D6-C5ED-4D4A-AF77-B347264D0BEE}
		{7C36325F-F9D4-4EF0-8472-728FDB5FF145} = {7339DBEF-D408-49DE-BFDB-55A915642E45}
		{EAB4E383-B00D-4ED9-83BD-52F0C2EC9FF2} = {7C36325F-F9D4-4EF0-8472-728FDB5FF145}
		{60BC2E6C-08C3-4838-AACC-720CE3D29171} = {7C36325F-F9D4-4EF0-8472-728FDB5FF145}
		{3DC7BC63-DFEA-438C-B03E-C41A61616834} = {7C36325F-F9D4-4EF0-8472-728FDB5FF145}
		{21C885F0-B610-4028-8522-255FCBADB98D} = {7C36325F-F9D4-4EF0-8472-728FDB5FF145}
		{39F23985-023C-472E-A1D1-9D5908C14358} = {7C36325F-F9D4-4EF0-8472-728FDB5FF145}
		{50AE9553-46BC-41B7-9340-7FBFC5B86379} = {7C36325F-F9D4-4EF0-8472-728FDB5FF145}
		{9D93E2CA-396B-40BD-A736-A28A772DA712} = {7C36325F-F9D4-4EF0-8472-728FDB5FF145}
	EndGlobalSection
	GlobalSection(MonoDevelopProperties) = preSolution
		StartupItem = SharpPcap\SharpPcap.csproj
		Policies = $0
		$0.TextStylePolicy = $3
		$1.inheritsSet = null
		$1.scope = text/x-csharp
		$0.CSharpFormattingPolicy = $2
		$2.inheritsSet = Mono
		$2.inheritsScope = text/x-csharp
		$2.scope = text/x-csharp
		$3.FileWidth = 120
		$3.NoTabsAfterNonTabs = True
		$3.RemoveTrailingWhitespace = True
		$3.inheritsSet = VisualStudio
		$3.inheritsScope = text/plain
		$3.scope = text/plain
	EndGlobalSection
EndGlobal
